
Microsoft Visual Studio Solution File, Format Version 12.00
Project("{FAE04EC0-301F-11D3-BF4B-00C04F79EFBC}") = "Lab1", "Lab1\Lab1.csproj", "{349A7C48-36E2-4E20-BC49-1CA234F6B771}"
EndProject
Project("{FAE04EC0-301F-11D3-BF4B-00C04F79EFBC}") = "CursorList", "CursorList\CursorList.csproj", "{0AE26692-45C3-41C1-B9E7-0C72513FD64F}"
EndProject
Project("{FAE04EC0-301F-11D3-BF4B-00C04F79EFBC}") = "DoubleLinked", "DoubleLinked\DoubleLinked.csproj", "{84EECE76-0A91-4495-830A-7E0D7DA85BF8}"
EndProject
Project("{FAE04EC0-301F-11D3-BF4B-00C04F79EFBC}") = "Lab2", "Lab2\Lab2.csproj", "{224D7847-5697-4483-BDC8-033B1EBD9D06}"
EndProject
Project("{FAE04EC0-301F-11D3-BF4B-00C04F79EFBC}") = "AdtStack", "AdtStack\AdtStack.csproj", "{C65C2167-E11F-4ED7-9B93-9D8BF36182F5}"
EndProject
Project("{FAE04EC0-301F-11D3-BF4B-00C04F79EFBC}") = "AdtQueue", "AdtQueue\AdtQueue.csproj", "{AF481F78-0F15-40F2-B02B-A5B7E84A2777}"
EndProject
Project("{FAE04EC0-301F-11D3-BF4B-00C04F79EFBC}") = "AdtMap", "AdtMap\AdtMap.csproj", "{9A8C911B-6C76-4A6D-B982-27BB08438772}"
EndProject
Global
	GlobalSection(SolutionConfigurationPlatforms) = preSolution
		Debug|Any CPU = Debug|Any CPU
		Release|Any CPU = Release|Any CPU
	EndGlobalSection
	GlobalSection(ProjectConfigurationPlatforms) = postSolution
		{349A7C48-36E2-4E20-BC49-1CA234F6B771}.Debug|Any CPU.ActiveCfg = Debug|Any CPU
		{349A7C48-36E2-4E20-BC49-1CA234F6B771}.Debug|Any CPU.Build.0 = Debug|Any CPU
		{349A7C48-36E2-4E20-BC49-1CA234F6B771}.Release|Any CPU.ActiveCfg = Release|Any CPU
		{349A7C48-36E2-4E20-BC49-1CA234F6B771}.Release|Any CPU.Build.0 = Release|Any CPU
		{0AE26692-45C3-41C1-B9E7-0C72513FD64F}.Debug|Any CPU.ActiveCfg = Debug|Any CPU
		{0AE26692-45C3-41C1-B9E7-0C72513FD64F}.Debug|Any CPU.Build.0 = Debug|Any CPU
		{0AE26692-45C3-41C1-B9E7-0C72513FD64F}.Release|Any CPU.ActiveCfg = Release|Any CPU
		{0AE26692-45C3-41C1-B9E7-0C72513FD64F}.Release|Any CPU.Build.0 = Release|Any CPU
		{84EECE76-0A91-4495-830A-7E0D7DA85BF8}.Debug|Any CPU.ActiveCfg = Debug|Any CPU
		{84EECE76-0A91-4495-830A-7E0D7DA85BF8}.Debug|Any CPU.Build.0 = Debug|Any CPU
		{84EECE76-0A91-4495-830A-7E0D7DA85BF8}.Release|Any CPU.ActiveCfg = Release|Any CPU
		{84EECE76-0A91-4495-830A-7E0D7DA85BF8}.Release|Any CPU.Build.0 = Release|Any CPU
		{224D7847-5697-4483-BDC8-033B1EBD9D06}.Debug|Any CPU.ActiveCfg = Debug|Any CPU
		{224D7847-5697-4483-BDC8-033B1EBD9D06}.Debug|Any CPU.Build.0 = Debug|Any CPU
		{224D7847-5697-4483-BDC8-033B1EBD9D06}.Release|Any CPU.ActiveCfg = Release|Any CPU
		{224D7847-5697-4483-BDC8-033B1EBD9D06}.Release|Any CPU.Build.0 = Release|Any CPU
		{C65C2167-E11F-4ED7-9B93-9D8BF36182F5}.Debug|Any CPU.ActiveCfg = Debug|Any CPU
		{C65C2167-E11F-4ED7-9B93-9D8BF36182F5}.Debug|Any CPU.Build.0 = Debug|Any CPU
		{C65C2167-E11F-4ED7-9B93-9D8BF36182F5}.Release|Any CPU.ActiveCfg = Release|Any CPU
		{C65C2167-E11F-4ED7-9B93-9D8BF36182F5}.Release|Any CPU.Build.0 = Release|Any CPU
		{AF481F78-0F15-40F2-B02B-A5B7E84A2777}.Debug|Any CPU.ActiveCfg = Debug|Any CPU
		{AF481F78-0F15-40F2-B02B-A5B7E84A2777}.Debug|Any CPU.Build.0 = Debug|Any CPU
		{AF481F78-0F15-40F2-B02B-A5B7E84A2777}.Release|Any CPU.ActiveCfg = Release|Any CPU
		{AF481F78-0F15-40F2-B02B-A5B7E84A2777}.Release|Any CPU.Build.0 = Release|Any CPU
		{9A8C911B-6C76-4A6D-B982-27BB08438772}.Debug|Any CPU.ActiveCfg = Debug|Any CPU
		{9A8C911B-6C76-4A6D-B982-27BB08438772}.Debug|Any CPU.Build.0 = Debug|Any CPU
		{9A8C911B-6C76-4A6D-B982-27BB08438772}.Release|Any CPU.ActiveCfg = Release|Any CPU
		{9A8C911B-6C76-4A6D-B982-27BB08438772}.Release|Any CPU.Build.0 = Release|Any CPU
	EndGlobalSection
EndGlobal
